
Microsoft Visual Studio Solution File, Format Version 12.00
# Visual Studio Version 17
VisualStudioVersion = 17.3.32505.426
MinimumVisualStudioVersion = 10.0.40219.1
Project("{9A19103F-16F7-4668-BE54-9A1E7A4F7556}") = "aspnetserver", "aspnetserver\aspnetserver.csproj", "{3D7A08A1-9C96-4C45-A78D-64829C29B163}"
EndProject
Project("{2150E333-8FDC-42A3-9474-1A3956D46DE8}") = "Solution Items", "Solution Items", "{49438B75-A653-426B-ACFB-DBFCEBE724B4}"
	ProjectSection(SolutionItems) = preProject
		.editorconfig = .editorconfig
	EndProjectSection
EndProject
Global
	GlobalSection(SolutionConfigurationPlatforms) = preSolution
		Debug|Any CPU = Debug|Any CPU
		Release|Any CPU = Release|Any CPU
	EndGlobalSection
	GlobalSection(ProjectConfigurationPlatforms) = postSolution
		{3D7A08A1-9C96-4C45-A78D-64829C29B163}.Debug|Any CPU.ActiveCfg = Debug|Any CPU
		{3D7A08A1-9C96-4C45-A78D-64829C29B163}.Debug|Any CPU.Build.0 = Debug|Any CPU
		{3D7A08A1-9C96-4C45-A78D-64829C29B163}.Release|Any CPU.ActiveCfg = Release|Any CPU
		{3D7A08A1-9C96-4C45-A78D-64829C29B163}.Release|Any CPU.Build.0 = Release|Any CPU
	EndGlobalSection
	GlobalSection(SolutionProperties) = preSolution
		HideSolutionNode = FALSE
	EndGlobalSection
	GlobalSection(ExtensibilityGlobals) = postSolution
		SolutionGuid = {CD891ADF-3757-4CBC-9DF5-57749CCE75FB}
	EndGlobalSection
EndGlobal
